schema: '2.0'
stages:
  train:
    cmd: . /GNlearning/.set_environment_variables.sh && python3.10 /GNlearning/SW/training.py
      --config config.yaml --exp-name SW_GN_learning
    deps:
    - path: config.yaml
      hash: md5
      md5: 9e597767ac6a90a9ac789d6514144019
      size: 483
    - path: training.py
      hash: md5
      md5: 30af385c97b3708068537ea9710f89a2
      size: 7230
    params:
      config.yaml:
        architecture.batch_size: 5
        architecture.class: SW_TransUNet
        architecture.n_layers: 0
        architecture.rank: 250
        data.data_folder: /data/data_data_assimilation/shallow_water/large
        model.dimension: 12160
        optimizer.epochs: 50
    outs:
    - path: artifacts/metrics.yaml
      hash: md5
      md5: ad530383b1f3f468f073e09f1ba2d133
      size: 308
    - path: artifacts/mlflow_run_id.yaml
      hash: md5
      md5: e5aefea780beeb9896eba785378d4784
      size: 235
    - path: artifacts/training_logs.csv
      hash: md5
      md5: 68a879db7058f27a68fe082be22efcf1
      size: 30607
