schema: '2.0'
stages:
  generate_data:
    cmd: python3.10 /home/prec_data/data_generation.py --config /home/smoke/data_params.yaml
    deps:
    - path: ../prec_data/data_generation.py
      md5: 0736bc24783c4a8aca0ce6aa46d4d5fa
      size: 4147
    - path: data_params.yaml
      md5: 20ff4d317922e66fc3f6e50f0435ff25
      size: 88
    params:
      data_params.yaml:
        model.dimension: 20
        model.nsamples: 20000
        model.output: /root/raw_data/data.pkl
        model.window: 10
    outs:
    - path: /root/raw_data/data.pkl
      md5: 46911b2857cd7c1e3fed6420654b05ad
      size: 680490150
  smoke_train:
    cmd: source ../.set_environment_variables.sh && python3.10 training.py --config
      config_smoke.yaml --exp-name smoke_train_tr
    deps:
    - path: /root/raw_data/data.pkl
      md5: e51de21bb3af09af8e6b176cccc5400c
      size: 340245130
    - path: config_smoke.yaml
      md5: 9c9223178aba5ed5d5dbefadc65242f7
      size: 176
    - path: training.py
      md5: 2097ef605bb16fe30672ec99e1f5a279
      size: 2698
    outs:
    - path: metrics.yaml
      md5: 4f6c619706948b359c6ee13581011309
      size: 156
  smoke_hpo:
    cmd: python3 hpo_smoke.py
    deps:
    - path: raw_data/data.pkl
      md5: a600b8d7e828a5587f9718ebc8f02049
      size: 169322620
  train:
    cmd: source /home/.set_environment_variables.sh && python3.10 /home/smoke/training.py
      --config config_smoke.yaml --exp-name smoke_train_tr
    deps:
    - path: ../prec_data/data.py
      md5: 30b58de90114f083478c1430cfc979d4
      size: 13355
    - path: /root/raw_data/data.pkl
      md5: 46911b2857cd7c1e3fed6420654b05ad
      size: 680490150
    - path: config_smoke.yaml
      md5: faf616573f38de97c50fa944f79cdc1b
      size: 173
    - path: training.py
      md5: 6b494f8095098367975ba4651ff7662f
      size: 3258
    params:
      config_smoke.yaml:
        architecture.batch_size: 64
        architecture.n_layers: 6
        architecture.rank: 10
        data.dimension: 20
        optimizer.epochs: 10
    outs:
    - path: logs.csv
      md5: 8ae85ef3ec03870c4f35391b05f425d3
      size: 2848
    - path: metrics.yaml
      md5: a7ea9fd26a2e557845a0b99cf9064208
      size: 148
    - path: mlflow_run_id.yaml
      md5: e527696ab9fb83dcd8666194ed45b671
      size: 76
  inference:
    cmd: source /home/.set_environment_variables.sh && python3.10 inference.py --run-id-yaml
      mlflow_run_id.yaml
    deps:
    - path: config_smoke.yaml
      md5: faf616573f38de97c50fa944f79cdc1b
      size: 173
    - path: mlflow_run_id.yaml
      md5: e527696ab9fb83dcd8666194ed45b671
      size: 76
    - path: training.py
      md5: 6b494f8095098367975ba4651ff7662f
      size: 3258
    outs:
    - path: ../figures/condition_numbers.png
      md5: 9de010b108c06d1721df37c77db8ce24
      size: 51103
    - path: ../figures/inference_approx.png
      md5: e7ed4dd9741c8dc1f8eb5a828c841941
      size: 63254
    - path: ../figures/inference_precondition.png
      md5: 853d411f99c8adb48ca7faf500e1bff9
      size: 50732
