schema: '2.0'
stages:
  generate_data:
    cmd: python3.10 /home/prec_data/data_generation.py --config /home/smoke/config.yaml
    deps:
    - path: ../prec_data/data_generation.py
      md5: 41700b7d159c86ca16b0d9d547455548
      size: 4162
    params:
      config.yaml:
        data.data_path: /root/raw_data/data_100.pkl
        data.nsamples: 5000
        model.dimension: 100
        model.window: 10
    outs:
    - path: /root/raw_data/data_100.pkl
      md5: 19e71509c18e86099b17705ff10eaeee
      size: 4048570129
  train:
    cmd: source /home/.set_environment_variables.sh && python3.10 /home/smoke/training.py
      --config config.yaml --exp-name smoke_train_tr
    deps:
    - path: ../prec_data/data.py
      md5: dd5a7a9c868d112232ea829e845b389c
      size: 17066
    - path: /root/raw_data/data_100.pkl
      md5: 19e71509c18e86099b17705ff10eaeee
      size: 4048570129
    - path: config.yaml
      md5: 29626841443d0c996a9b9bee6a288cda
      size: 398
    - path: training.py
      md5: b55a5e60e13443c9a9120e629486ff02
      size: 4611
    params:
      config.yaml:
        architecture.batch_size: 4
        architecture.class: SVDConvolutional
        architecture.n_layers: 6
        architecture.rank: 75
        data.data_path: /root/raw_data/data_100.pkl
        model.dimension: 100
        optimizer.epochs: 400
    outs:
    - path: artifacts/metrics.yaml
      md5: fba1d3811399f384372792c2404b9a02
      size: 225
    - path: artifacts/mlflow_run_id.yaml
      md5: c04a828b3ec000b950bd08b1835c6451
      size: 80
    - path: artifacts/training_logs.csv
      md5: ebbee16cc43e4f95c3b80fbc5c492f8a
      size: 609418
  data_assim:
    cmd: source /home/.set_environment_variables.sh && python3.10 data_assimilation_benchmark.py
      --config config.yaml --run-id-yaml /home/smoke/artifacts/mlflow_run_id.yaml
    deps:
    - path: artifacts/mlflow_run_id.yaml
      md5: c04a828b3ec000b950bd08b1835c6451
      size: 80
    - path: artifacts/training_logs.csv
      md5: ebbee16cc43e4f95c3b80fbc5c492f8a
      size: 609418
    - path: config.yaml
      md5: 29626841443d0c996a9b9bee6a288cda
      size: 398
    - path: data_assimilation_benchmark.py
      md5: 5db60058d46f9c674086c7acc850ee0c
      size: 8944
    params:
      config.yaml:
        DA.n_cycle: 5
        DA.n_inner: 100
        DA.n_outer: 5
        model.window: 10
    outs:
    - path: artifacts/DA_logs.csv
      md5: caa9eb2116a7886721b9fb7edd9f599d
      size: 24408
    - path: artifacts/res_inner_loop.png
      md5: 67380a1c813de181b242dcc7a8ac7f34
      size: 352145
  test:
    cmd: source /home/.set_environment_variables.sh &&  python3.10 test.py --run-id-yaml
      /home/smoke/artifacts/mlflow_run_id.yaml
    deps:
    - path: artifacts/mlflow_run_id.yaml
      md5: c04a828b3ec000b950bd08b1835c6451
      size: 80
    - path: config.yaml
      md5: 29626841443d0c996a9b9bee6a288cda
      size: 398
    - path: test.py
      md5: 3376c4a9007b3cfbf14041c9c727c816
      size: 7894
    - path: training.py
      md5: b55a5e60e13443c9a9120e629486ff02
      size: 4611
    params:
      config.yaml:
        data.data_path: /root/raw_data/data_100.pkl
    outs:
    - path: artifacts/condition_numbers.png
      md5: e1bfa5bc4a576ad6ad474eca058909ee
      size: 31525
    - path: artifacts/preconditioning.png
      md5: ecd351374637b66efe2daf6f8c0e704d
      size: 177653
    - path: artifacts/sanity_check.png
      md5: 21b543d532b1000ebb432372fd93610f
      size: 40131
    - path: artifacts/svd_approximation.png
      md5: 024a0455c8ecea60e7c27da799ce1338
      size: 58758
